
Microsoft Visual Studio Solution File, Format Version 12.00
Project("{FAE04EC0-301F-11D3-BF4B-00C04F79EFBC}") = "Elegance", "Elegance\Elegance.csproj", "{367E357F-335B-4EFA-8753-0900C3E59B07}"
EndProject
Project("{FAE04EC0-301F-11D3-BF4B-00C04F79EFBC}") = "Elegance.Cli", "Elegance.Cli\Elegance.Cli.csproj", "{759EA6CB-CCB7-47E7-873C-AC2A0070537F}"
EndProject
Project("{FAE04EC0-301F-11D3-BF4B-00C04F79EFBC}") = "Elegance.Tests", "Elegance.Tests\Elegance.Tests.csproj", "{08CFF27D-9295-4015-B2FE-CC449CF54739}"
EndProject
Global
	GlobalSection(SolutionConfigurationPlatforms) = preSolution
		Debug|Any CPU = Debug|Any CPU
		Release|Any CPU = Release|Any CPU
	EndGlobalSection
	GlobalSection(ProjectConfigurationPlatforms) = postSolution
		{367E357F-335B-4EFA-8753-0900C3E59B07}.Debug|Any CPU.ActiveCfg = Debug|Any CPU
		{367E357F-335B-4EFA-8753-0900C3E59B07}.Debug|Any CPU.Build.0 = Debug|Any CPU
		{367E357F-335B-4EFA-8753-0900C3E59B07}.Release|Any CPU.ActiveCfg = Release|Any CPU
		{367E357F-335B-4EFA-8753-0900C3E59B07}.Release|Any CPU.Build.0 = Release|Any CPU
		{759EA6CB-CCB7-47E7-873C-AC2A0070537F}.Debug|Any CPU.ActiveCfg = Debug|Any CPU
		{759EA6CB-CCB7-47E7-873C-AC2A0070537F}.Debug|Any CPU.Build.0 = Debug|Any CPU
		{759EA6CB-CCB7-47E7-873C-AC2A0070537F}.Release|Any CPU.ActiveCfg = Release|Any CPU
		{759EA6CB-CCB7-47E7-873C-AC2A0070537F}.Release|Any CPU.Build.0 = Release|Any CPU
		{08CFF27D-9295-4015-B2FE-CC449CF54739}.Debug|Any CPU.ActiveCfg = Debug|Any CPU
		{08CFF27D-9295-4015-B2FE-CC449CF54739}.Debug|Any CPU.Build.0 = Debug|Any CPU
		{08CFF27D-9295-4015-B2FE-CC449CF54739}.Release|Any CPU.ActiveCfg = Release|Any CPU
		{08CFF27D-9295-4015-B2FE-CC449CF54739}.Release|Any CPU.Build.0 = Release|Any CPU
	EndGlobalSection
EndGlobal
